
Microsoft Visual Studio Solution File, Format Version 12.00
# Visual Studio Version 17
VisualStudioVersion = 17.7.34202.233
MinimumVisualStudioVersion = 10.0.40219.1
Project("{FAE04EC0-301F-11D3-BF4B-00C04F79EFBC}") = "Mermi.App", "Mermi.App\Mermi.App.csproj", "{57251EF1-80FE-40B7-9C71-9F658E18B14B}"
EndProject
Project("{FAE04EC0-301F-11D3-BF4B-00C04F79EFBC}") = "Mermi.Core", "Mermi.Core\Mermi.Core.csproj", "{F836BFBB-B4D6-4196-8BC3-58B7C20EB73C}"
EndProject
Project("{FAE04EC0-301F-11D3-BF4B-00C04F79EFBC}") = "Mermi.Services", "Mermi.Services\Mermi.Services.csproj", "{A8A08DB8-3978-4E80-9A19-26ABF17D3787}"
EndProject
Global
	GlobalSection(SolutionConfigurationPlatforms) = preSolution
		Debug|Any CPU = Debug|Any CPU
		Release|Any CPU = Release|Any CPU
	EndGlobalSection
	GlobalSection(ProjectConfigurationPlatforms) = postSolution
		{57251EF1-80FE-40B7-9C71-9F658E18B14B}.Debug|Any CPU.ActiveCfg = Debug|Any CPU
		{57251EF1-80FE-40B7-9C71-9F658E18B14B}.Debug|Any CPU.Build.0 = Debug|Any CPU
		{57251EF1-80FE-40B7-9C71-9F658E18B14B}.Release|Any CPU.ActiveCfg = Release|Any CPU
		{57251EF1-80FE-40B7-9C71-9F658E18B14B}.Release|Any CPU.Build.0 = Release|Any CPU
		{F836BFBB-B4D6-4196-8BC3-58B7C20EB73C}.Debug|Any CPU.ActiveCfg = Debug|Any CPU
		{F836BFBB-B4D6-4196-8BC3-58B7C20EB73C}.Debug|Any CPU.Build.0 = Debug|Any CPU
		{F836BFBB-B4D6-4196-8BC3-58B7C20EB73C}.Release|Any CPU.ActiveCfg = Release|Any CPU
		{F836BFBB-B4D6-4196-8BC3-58B7C20EB73C}.Release|Any CPU.Build.0 = Release|Any CPU
		{A8A08DB8-3978-4E80-9A19-26ABF17D3787}.Debug|Any CPU.ActiveCfg = Debug|Any CPU
		{A8A08DB8-3978-4E80-9A19-26ABF17D3787}.Debug|Any CPU.Build.0 = Debug|Any CPU
		{A8A08DB8-3978-4E80-9A19-26ABF17D3787}.Release|Any CPU.ActiveCfg = Release|Any CPU
		{A8A08DB8-3978-4E80-9A19-26ABF17D3787}.Release|Any CPU.Build.0 = Release|Any CPU
	EndGlobalSection
	GlobalSection(SolutionProperties) = preSolution
		HideSolutionNode = FALSE
	EndGlobalSection
	GlobalSection(ExtensibilityGlobals) = postSolution
		SolutionGuid = {36A5C648-F672-4682-AD03-C0AC69C7BC7E}
	EndGlobalSection
EndGlobal
